
Microsoft Visual Studio Solution File, Format Version 12.00
# Visual Studio Version 17
VisualStudioVersion = 17.8.34316.72
MinimumVisualStudioVersion = 10.0.40219.1
Project("{8BC9CEB8-8B4A-11D0-8D11-00A0C91BC942}") = "daily_1_17", "daily_1_17\daily_1_17.vcxproj", "{81DADE2F-A100-41BD-A095-7DE3A6E70D0A}"
EndProject
Global
	GlobalSection(SolutionConfigurationPlatforms) = preSolution
		Debug|x64 = Debug|x64
		Debug|x86 = Debug|x86
		Release|x64 = Release|x64
		Release|x86 = Release|x86
	EndGlobalSection
	GlobalSection(ProjectConfigurationPlatforms) = postSolution
		{81DADE2F-A100-41BD-A095-7DE3A6E70D0A}.Debug|x64.ActiveCfg = Debug|x64
		{81DADE2F-A100-41BD-A095-7DE3A6E70D0A}.Debug|x64.Build.0 = Debug|x64
		{81DADE2F-A100-41BD-A095-7DE3A6E70D0A}.Debug|x86.ActiveCfg = Debug|Win32
		{81DADE2F-A100-41BD-A095-7DE3A6E70D0A}.Debug|x86.Build.0 = Debug|Win32
		{81DADE2F-A100-41BD-A095-7DE3A6E70D0A}.Release|x64.ActiveCfg = Release|x64
		{81DADE2F-A100-41BD-A095-7DE3A6E70D0A}.Release|x64.Build.0 = Release|x64
		{81DADE2F-A100-41BD-A095-7DE3A6E70D0A}.Release|x86.ActiveCfg = Release|Win32
		{81DADE2F-A100-41BD-A095-7DE3A6E70D0A}.Release|x86.Build.0 = Release|Win32
	EndGlobalSection
	GlobalSection(SolutionProperties) = preSolution
		HideSolutionNode = FALSE
	EndGlobalSection
	GlobalSection(ExtensibilityGlobals) = postSolution
		SolutionGuid = {1488A52A-B415-41C6-A19F-1052CDCABEF4}
	EndGlobalSection
EndGlobal
